
Microsoft Visual Studio Solution File, Format Version 12.00
# Visual Studio Version 16
VisualStudioVersion = 16.0.31112.23
MinimumVisualStudioVersion = 10.0.40219.1
Project("{FAE04EC0-301F-11D3-BF4B-00C04F79EFBC}") = "ExcelWebAddIn1", "ExcelWebAddIn1\ExcelWebAddIn1.csproj", "{C29FF10E-4CB7-4601-959F-69BCDFDAE7EA}"
EndProject
Project("{FAE04EC0-301F-11D3-BF4B-00C04F79EFBC}") = "ExcelWebAddIn1Web", "ExcelWebAddIn1Web\ExcelWebAddIn1Web.csproj", "{677D302E-21D9-428F-A12B-C1771268CFF7}"
EndProject
Global
	GlobalSection(SolutionConfigurationPlatforms) = preSolution
		Debug|Any CPU = Debug|Any CPU
		Release|Any CPU = Release|Any CPU
	EndGlobalSection
	GlobalSection(ProjectConfigurationPlatforms) = postSolution
		{C29FF10E-4CB7-4601-959F-69BCDFDAE7EA}.Debug|Any CPU.ActiveCfg = Debug|Any CPU
		{C29FF10E-4CB7-4601-959F-69BCDFDAE7EA}.Debug|Any CPU.Build.0 = Debug|Any CPU
		{C29FF10E-4CB7-4601-959F-69BCDFDAE7EA}.Debug|Any CPU.Deploy.0 = Debug|Any CPU
		{C29FF10E-4CB7-4601-959F-69BCDFDAE7EA}.Release|Any CPU.ActiveCfg = Release|Any CPU
		{C29FF10E-4CB7-4601-959F-69BCDFDAE7EA}.Release|Any CPU.Build.0 = Release|Any CPU
		{C29FF10E-4CB7-4601-959F-69BCDFDAE7EA}.Release|Any CPU.Deploy.0 = Release|Any CPU
		{677D302E-21D9-428F-A12B-C1771268CFF7}.Debug|Any CPU.ActiveCfg = Debug|Any CPU
		{677D302E-21D9-428F-A12B-C1771268CFF7}.Debug|Any CPU.Build.0 = Debug|Any CPU
		{677D302E-21D9-428F-A12B-C1771268CFF7}.Release|Any CPU.ActiveCfg = Release|Any CPU
		{677D302E-21D9-428F-A12B-C1771268CFF7}.Release|Any CPU.Build.0 = Release|Any CPU
	EndGlobalSection
	GlobalSection(SolutionProperties) = preSolution
		HideSolutionNode = FALSE
	EndGlobalSection
	GlobalSection(ExtensibilityGlobals) = postSolution
		SolutionGuid = {7E7AC46B-A705-41CE-A763-B8F6EE65E458}
	EndGlobalSection
EndGlobal
